
Microsoft Visual Studio Solution File, Format Version 12.00
# Visual Studio Version 17
VisualStudioVersion = 17.7.34221.43
MinimumVisualStudioVersion = 10.0.40219.1
Project("{9A19103F-16F7-4668-BE54-9A1E7A4F7556}") = "NET.Apis.Application", "NET.Api.Application\NET.Apis.Application.csproj", "{A386F79B-A708-42D7-B784-1365B67791ED}"
EndProject
Project("{9A19103F-16F7-4668-BE54-9A1E7A4F7556}") = "NET.Apis.Domain", "NET.Apis.Domain\NET.Apis.Domain.csproj", "{BDAA9A09-8B14-4D0C-96E2-20B36A572BCD}"
EndProject
Project("{9A19103F-16F7-4668-BE54-9A1E7A4F7556}") = "NET.Apis.Infrastructure", "NET.Apis.Infrastructure\NET.Apis.Infrastructure.csproj", "{EBECF0C2-292D-4117-92BD-F8F42DC35861}"
EndProject
Project("{9A19103F-16F7-4668-BE54-9A1E7A4F7556}") = "NET.Apis.Restful", "NET.Apis\NET.Apis.Restful.csproj", "{A273D156-5D98-4155-B884-0A6E3B86DBE7}"
EndProject
Project("{9A19103F-16F7-4668-BE54-9A1E7A4F7556}") = "NET.Apis.MigrationDb", "NET.Apis.Migration\NET.Apis.MigrationDb.csproj", "{3E93AF62-A2BA-4BDD-9247-B4C236CE7D82}"
EndProject
Project("{2150E333-8FDC-42A3-9474-1A3956D46DE8}") = "Core", "Core", "{09AD3D4F-2205-4AE7-9211-56556C2D892F}"
EndProject
Project("{2150E333-8FDC-42A3-9474-1A3956D46DE8}") = "ServiceWorkers", "ServiceWorkers", "{F2877AF0-CABB-4EE7-B9B5-DAF06D17A699}"
EndProject
Project("{FAE04EC0-301F-11D3-BF4B-00C04F79EFBC}") = "NET.Apis.GraphQL", "NET.Apis.GraphQL\NET.Apis.GraphQL.csproj", "{9D4145C9-D92E-499A-AB1D-40C335A045D4}"
EndProject
Project("{FAE04EC0-301F-11D3-BF4B-00C04F79EFBC}") = "NET.Apis.rGpc", "NET.Apis.rGpc\NET.Apis.rGpc.csproj", "{983727E9-ADFD-4AE7-8FC5-DE7851E370BB}"
EndProject
Project("{FAE04EC0-301F-11D3-BF4B-00C04F79EFBC}") = "NET.Apis.Ocelot.Gateway", "NET.Apis.Ocelot.Gateway\NET.Apis.Ocelot.Gateway.csproj", "{39BB2879-8808-4D2C-B400-7075A2351C74}"
EndProject
Global
	GlobalSection(SolutionConfigurationPlatforms) = preSolution
		Debug|Any CPU = Debug|Any CPU
		Release|Any CPU = Release|Any CPU
	EndGlobalSection
	GlobalSection(ProjectConfigurationPlatforms) = postSolution
		{A386F79B-A708-42D7-B784-1365B67791ED}.Debug|Any CPU.ActiveCfg = Debug|Any CPU
		{A386F79B-A708-42D7-B784-1365B67791ED}.Debug|Any CPU.Build.0 = Debug|Any CPU
		{A386F79B-A708-42D7-B784-1365B67791ED}.Release|Any CPU.ActiveCfg = Release|Any CPU
		{A386F79B-A708-42D7-B784-1365B67791ED}.Release|Any CPU.Build.0 = Release|Any CPU
		{BDAA9A09-8B14-4D0C-96E2-20B36A572BCD}.Debug|Any CPU.ActiveCfg = Debug|Any CPU
		{BDAA9A09-8B14-4D0C-96E2-20B36A572BCD}.Debug|Any CPU.Build.0 = Debug|Any CPU
		{BDAA9A09-8B14-4D0C-96E2-20B36A572BCD}.Release|Any CPU.ActiveCfg = Release|Any CPU
		{BDAA9A09-8B14-4D0C-96E2-20B36A572BCD}.Release|Any CPU.Build.0 = Release|Any CPU
		{EBECF0C2-292D-4117-92BD-F8F42DC35861}.Debug|Any CPU.ActiveCfg = Debug|Any CPU
		{EBECF0C2-292D-4117-92BD-F8F42DC35861}.Debug|Any CPU.Build.0 = Debug|Any CPU
		{EBECF0C2-292D-4117-92BD-F8F42DC35861}.Release|Any CPU.ActiveCfg = Release|Any CPU
		{EBECF0C2-292D-4117-92BD-F8F42DC35861}.Release|Any CPU.Build.0 = Release|Any CPU
		{A273D156-5D98-4155-B884-0A6E3B86DBE7}.Debug|Any CPU.ActiveCfg = Debug|Any CPU
		{A273D156-5D98-4155-B884-0A6E3B86DBE7}.Debug|Any CPU.Build.0 = Debug|Any CPU
		{A273D156-5D98-4155-B884-0A6E3B86DBE7}.Release|Any CPU.ActiveCfg = Release|Any CPU
		{A273D156-5D98-4155-B884-0A6E3B86DBE7}.Release|Any CPU.Build.0 = Release|Any CPU
		{3E93AF62-A2BA-4BDD-9247-B4C236CE7D82}.Debug|Any CPU.ActiveCfg = Debug|Any CPU
		{3E93AF62-A2BA-4BDD-9247-B4C236CE7D82}.Debug|Any CPU.Build.0 = Debug|Any CPU
		{3E93AF62-A2BA-4BDD-9247-B4C236CE7D82}.Release|Any CPU.ActiveCfg = Release|Any CPU
		{3E93AF62-A2BA-4BDD-9247-B4C236CE7D82}.Release|Any CPU.Build.0 = Release|Any CPU
		{9D4145C9-D92E-499A-AB1D-40C335A045D4}.Debug|Any CPU.ActiveCfg = Debug|Any CPU
		{9D4145C9-D92E-499A-AB1D-40C335A045D4}.Debug|Any CPU.Build.0 = Debug|Any CPU
		{9D4145C9-D92E-499A-AB1D-40C335A045D4}.Release|Any CPU.ActiveCfg = Release|Any CPU
		{9D4145C9-D92E-499A-AB1D-40C335A045D4}.Release|Any CPU.Build.0 = Release|Any CPU
		{983727E9-ADFD-4AE7-8FC5-DE7851E370BB}.Debug|Any CPU.ActiveCfg = Debug|Any CPU
		{983727E9-ADFD-4AE7-8FC5-DE7851E370BB}.Debug|Any CPU.Build.0 = Debug|Any CPU
		{983727E9-ADFD-4AE7-8FC5-DE7851E370BB}.Release|Any CPU.ActiveCfg = Release|Any CPU
		{983727E9-ADFD-4AE7-8FC5-DE7851E370BB}.Release|Any CPU.Build.0 = Release|Any CPU
		{39BB2879-8808-4D2C-B400-7075A2351C74}.Debug|Any CPU.ActiveCfg = Debug|Any CPU
		{39BB2879-8808-4D2C-B400-7075A2351C74}.Debug|Any CPU.Build.0 = Debug|Any CPU
		{39BB2879-8808-4D2C-B400-7075A2351C74}.Release|Any CPU.ActiveCfg = Release|Any CPU
		{39BB2879-8808-4D2C-B400-7075A2351C74}.Release|Any CPU.Build.0 = Release|Any CPU
	EndGlobalSection
	GlobalSection(SolutionProperties) = preSolution
		HideSolutionNode = FALSE
	EndGlobalSection
	GlobalSection(NestedProjects) = preSolution
		{A386F79B-A708-42D7-B784-1365B67791ED} = {09AD3D4F-2205-4AE7-9211-56556C2D892F}
		{BDAA9A09-8B14-4D0C-96E2-20B36A572BCD} = {09AD3D4F-2205-4AE7-9211-56556C2D892F}
		{EBECF0C2-292D-4117-92BD-F8F42DC35861} = {09AD3D4F-2205-4AE7-9211-56556C2D892F}
		{A273D156-5D98-4155-B884-0A6E3B86DBE7} = {F2877AF0-CABB-4EE7-B9B5-DAF06D17A699}
		{3E93AF62-A2BA-4BDD-9247-B4C236CE7D82} = {F2877AF0-CABB-4EE7-B9B5-DAF06D17A699}
		{9D4145C9-D92E-499A-AB1D-40C335A045D4} = {F2877AF0-CABB-4EE7-B9B5-DAF06D17A699}
		{983727E9-ADFD-4AE7-8FC5-DE7851E370BB} = {F2877AF0-CABB-4EE7-B9B5-DAF06D17A699}
		{39BB2879-8808-4D2C-B400-7075A2351C74} = {F2877AF0-CABB-4EE7-B9B5-DAF06D17A699}
	EndGlobalSection
	GlobalSection(ExtensibilityGlobals) = postSolution
		SolutionGuid = {378F82B6-B918-4FBF-B630-5738C8CB24EF}
	EndGlobalSection
EndGlobal
