
Microsoft Visual Studio Solution File, Format Version 12.00
# Visual Studio Version 17
VisualStudioVersion = 17.7.34221.43
MinimumVisualStudioVersion = 10.0.40219.1
Project("{2150E333-8FDC-42A3-9474-1A3956D46DE8}") = "Application", "Application", "{3A7A1FC8-DCE6-41E1-A359-4AAC9DAEFE12}"
EndProject
Project("{2150E333-8FDC-42A3-9474-1A3956D46DE8}") = "Domain", "Domain", "{430D3CCE-A5F4-4EAA-B277-5A9DF21F6750}"
EndProject
Project("{2150E333-8FDC-42A3-9474-1A3956D46DE8}") = "Infrasturcture", "Infrasturcture", "{B1591FFB-6F4F-4B22-8EDD-6973EAE830E7}"
EndProject
Project("{9A19103F-16F7-4668-BE54-9A1E7A4F7556}") = "NET.Apis.Application", "NET.Api.Application\NET.Apis.Application.csproj", "{A386F79B-A708-42D7-B784-1365B67791ED}"
EndProject
Project("{9A19103F-16F7-4668-BE54-9A1E7A4F7556}") = "NET.Apis.Domain", "NET.Apis.Domain\NET.Apis.Domain.csproj", "{BDAA9A09-8B14-4D0C-96E2-20B36A572BCD}"
EndProject
Project("{9A19103F-16F7-4668-BE54-9A1E7A4F7556}") = "NET.Apis.Infrastructure", "NET.Apis.Infrastructure\NET.Apis.Infrastructure.csproj", "{EBECF0C2-292D-4117-92BD-F8F42DC35861}"
EndProject
Project("{9A19103F-16F7-4668-BE54-9A1E7A4F7556}") = "NET.Apis.Persistence", "NET.Apis.Persistence\NET.Apis.Persistence.csproj", "{7EC1E665-1E28-40EF-803E-5D67F0D279DE}"
EndProject
Project("{2150E333-8FDC-42A3-9474-1A3956D46DE8}") = "src", "src", "{69B13956-DE13-454F-BAB9-F5C2B36022B8}"
EndProject
Project("{2150E333-8FDC-42A3-9474-1A3956D46DE8}") = "Presentation", "Presentation", "{2712D925-E139-4030-AF81-5404D27052AC}"
EndProject
Project("{9A19103F-16F7-4668-BE54-9A1E7A4F7556}") = "NET.Apis", "NET.Apis\NET.Apis.csproj", "{A273D156-5D98-4155-B884-0A6E3B86DBE7}"
EndProject
Project("{9A19103F-16F7-4668-BE54-9A1E7A4F7556}") = "NET.Apis.Shared", "NET.Apis.Shared\NET.Apis.Shared.csproj", "{5A8CBFC4-6A00-48E3-8C5F-DB1513E8BE1E}"
EndProject
Project("{9A19103F-16F7-4668-BE54-9A1E7A4F7556}") = "NET.Apis.Migration", "NET.Apis.Migration\NET.Apis.Migration.csproj", "{3E93AF62-A2BA-4BDD-9247-B4C236CE7D82}"
EndProject
Project("{FAE04EC0-301F-11D3-BF4B-00C04F79EFBC}") = "NET.WebApp", "NET.WebApp\NET.WebApp.csproj", "{75982B44-C71A-45F4-8989-12B6AEF81FEA}"
EndProject
Global
	GlobalSection(SolutionConfigurationPlatforms) = preSolution
		Debug|Any CPU = Debug|Any CPU
		Release|Any CPU = Release|Any CPU
	EndGlobalSection
	GlobalSection(ProjectConfigurationPlatforms) = postSolution
		{A386F79B-A708-42D7-B784-1365B67791ED}.Debug|Any CPU.ActiveCfg = Debug|Any CPU
		{A386F79B-A708-42D7-B784-1365B67791ED}.Debug|Any CPU.Build.0 = Debug|Any CPU
		{A386F79B-A708-42D7-B784-1365B67791ED}.Release|Any CPU.ActiveCfg = Release|Any CPU
		{A386F79B-A708-42D7-B784-1365B67791ED}.Release|Any CPU.Build.0 = Release|Any CPU
		{BDAA9A09-8B14-4D0C-96E2-20B36A572BCD}.Debug|Any CPU.ActiveCfg = Debug|Any CPU
		{BDAA9A09-8B14-4D0C-96E2-20B36A572BCD}.Debug|Any CPU.Build.0 = Debug|Any CPU
		{BDAA9A09-8B14-4D0C-96E2-20B36A572BCD}.Release|Any CPU.ActiveCfg = Release|Any CPU
		{BDAA9A09-8B14-4D0C-96E2-20B36A572BCD}.Release|Any CPU.Build.0 = Release|Any CPU
		{EBECF0C2-292D-4117-92BD-F8F42DC35861}.Debug|Any CPU.ActiveCfg = Debug|Any CPU
		{EBECF0C2-292D-4117-92BD-F8F42DC35861}.Debug|Any CPU.Build.0 = Debug|Any CPU
		{EBECF0C2-292D-4117-92BD-F8F42DC35861}.Release|Any CPU.ActiveCfg = Release|Any CPU
		{EBECF0C2-292D-4117-92BD-F8F42DC35861}.Release|Any CPU.Build.0 = Release|Any CPU
		{7EC1E665-1E28-40EF-803E-5D67F0D279DE}.Debug|Any CPU.ActiveCfg = Debug|Any CPU
		{7EC1E665-1E28-40EF-803E-5D67F0D279DE}.Debug|Any CPU.Build.0 = Debug|Any CPU
		{7EC1E665-1E28-40EF-803E-5D67F0D279DE}.Release|Any CPU.ActiveCfg = Release|Any CPU
		{7EC1E665-1E28-40EF-803E-5D67F0D279DE}.Release|Any CPU.Build.0 = Release|Any CPU
		{A273D156-5D98-4155-B884-0A6E3B86DBE7}.Debug|Any CPU.ActiveCfg = Debug|Any CPU
		{A273D156-5D98-4155-B884-0A6E3B86DBE7}.Debug|Any CPU.Build.0 = Debug|Any CPU
		{A273D156-5D98-4155-B884-0A6E3B86DBE7}.Release|Any CPU.ActiveCfg = Release|Any CPU
		{A273D156-5D98-4155-B884-0A6E3B86DBE7}.Release|Any CPU.Build.0 = Release|Any CPU
		{5A8CBFC4-6A00-48E3-8C5F-DB1513E8BE1E}.Debug|Any CPU.ActiveCfg = Debug|Any CPU
		{5A8CBFC4-6A00-48E3-8C5F-DB1513E8BE1E}.Debug|Any CPU.Build.0 = Debug|Any CPU
		{5A8CBFC4-6A00-48E3-8C5F-DB1513E8BE1E}.Release|Any CPU.ActiveCfg = Release|Any CPU
		{5A8CBFC4-6A00-48E3-8C5F-DB1513E8BE1E}.Release|Any CPU.Build.0 = Release|Any CPU
		{3E93AF62-A2BA-4BDD-9247-B4C236CE7D82}.Debug|Any CPU.ActiveCfg = Debug|Any CPU
		{3E93AF62-A2BA-4BDD-9247-B4C236CE7D82}.Debug|Any CPU.Build.0 = Debug|Any CPU
		{3E93AF62-A2BA-4BDD-9247-B4C236CE7D82}.Release|Any CPU.ActiveCfg = Release|Any CPU
		{3E93AF62-A2BA-4BDD-9247-B4C236CE7D82}.Release|Any CPU.Build.0 = Release|Any CPU
		{75982B44-C71A-45F4-8989-12B6AEF81FEA}.Debug|Any CPU.ActiveCfg = Debug|Any CPU
		{75982B44-C71A-45F4-8989-12B6AEF81FEA}.Debug|Any CPU.Build.0 = Debug|Any CPU
		{75982B44-C71A-45F4-8989-12B6AEF81FEA}.Release|Any CPU.ActiveCfg = Release|Any CPU
		{75982B44-C71A-45F4-8989-12B6AEF81FEA}.Release|Any CPU.Build.0 = Release|Any CPU
	EndGlobalSection
	GlobalSection(SolutionProperties) = preSolution
		HideSolutionNode = FALSE
	EndGlobalSection
	GlobalSection(NestedProjects) = preSolution
		{3A7A1FC8-DCE6-41E1-A359-4AAC9DAEFE12} = {69B13956-DE13-454F-BAB9-F5C2B36022B8}
		{430D3CCE-A5F4-4EAA-B277-5A9DF21F6750} = {69B13956-DE13-454F-BAB9-F5C2B36022B8}
		{B1591FFB-6F4F-4B22-8EDD-6973EAE830E7} = {69B13956-DE13-454F-BAB9-F5C2B36022B8}
		{A386F79B-A708-42D7-B784-1365B67791ED} = {3A7A1FC8-DCE6-41E1-A359-4AAC9DAEFE12}
		{BDAA9A09-8B14-4D0C-96E2-20B36A572BCD} = {430D3CCE-A5F4-4EAA-B277-5A9DF21F6750}
		{EBECF0C2-292D-4117-92BD-F8F42DC35861} = {B1591FFB-6F4F-4B22-8EDD-6973EAE830E7}
		{7EC1E665-1E28-40EF-803E-5D67F0D279DE} = {B1591FFB-6F4F-4B22-8EDD-6973EAE830E7}
		{2712D925-E139-4030-AF81-5404D27052AC} = {69B13956-DE13-454F-BAB9-F5C2B36022B8}
		{A273D156-5D98-4155-B884-0A6E3B86DBE7} = {2712D925-E139-4030-AF81-5404D27052AC}
		{5A8CBFC4-6A00-48E3-8C5F-DB1513E8BE1E} = {430D3CCE-A5F4-4EAA-B277-5A9DF21F6750}
		{3E93AF62-A2BA-4BDD-9247-B4C236CE7D82} = {2712D925-E139-4030-AF81-5404D27052AC}
		{75982B44-C71A-45F4-8989-12B6AEF81FEA} = {2712D925-E139-4030-AF81-5404D27052AC}
	EndGlobalSection
	GlobalSection(ExtensibilityGlobals) = postSolution
		SolutionGuid = {378F82B6-B918-4FBF-B630-5738C8CB24EF}
	EndGlobalSection
EndGlobal
