
Microsoft Visual Studio Solution File, Format Version 12.00
# Visual Studio Version 17
VisualStudioVersion = 17.7.34221.43
MinimumVisualStudioVersion = 10.0.40219.1
Project("{2150E333-8FDC-42A3-9474-1A3956D46DE8}") = "Core", "Core", "{09AD3D4F-2205-4AE7-9211-56556C2D892F}"
EndProject
Project("{2150E333-8FDC-42A3-9474-1A3956D46DE8}") = "Apis", "Apis", "{F2877AF0-CABB-4EE7-B9B5-DAF06D17A699}"
EndProject
Project("{2150E333-8FDC-42A3-9474-1A3956D46DE8}") = "Identites", "Identites", "{72DA8A7C-4FDB-49E2-8012-101504D16F2D}"
EndProject
Project("{9A19103F-16F7-4668-BE54-9A1E7A4F7556}") = "NET.Apis.Application", "Core\NET.Api.Application\NET.Apis.Application.csproj", "{315BA12C-693B-4166-AF22-F0F8591EC374}"
EndProject
Project("{9A19103F-16F7-4668-BE54-9A1E7A4F7556}") = "NET.Apis.Domain", "Core\NET.Apis.Domain\NET.Apis.Domain.csproj", "{496279EA-AC89-4552-89D1-FF28135CFACC}"
EndProject
Project("{9A19103F-16F7-4668-BE54-9A1E7A4F7556}") = "NET.Apis.Infrastructure", "Core\NET.Apis.Infrastructure\NET.Apis.Infrastructure.csproj", "{FB037F20-7084-4CFD-A3D5-4A272B48EAE1}"
EndProject
Project("{9A19103F-16F7-4668-BE54-9A1E7A4F7556}") = "NET.Apis.GraphQL", "Apis\NET.Apis.GraphQL\NET.Apis.GraphQL.csproj", "{A4BF89D0-63D5-4A6C-9AE9-7D61132518A3}"
EndProject
Project("{9A19103F-16F7-4668-BE54-9A1E7A4F7556}") = "NET.Apis.rGpc", "Apis\NET.Apis.rGpc\NET.Apis.rGpc.csproj", "{7BEF0ECA-A8B7-41CE-80B2-0F09D67537D2}"
EndProject
Project("{9A19103F-16F7-4668-BE54-9A1E7A4F7556}") = "NET.Apis.Ocelot.Gateway", "Apis\NET.Apis.Ocelot.Gateway\NET.Apis.Ocelot.Gateway.csproj", "{0A76947C-A41D-4B75-BE15-1F46B44531E6}"
EndProject
Project("{FAE04EC0-301F-11D3-BF4B-00C04F79EFBC}") = "NET.Indentity", "Identities\NET.Indentity\NET.Indentity.csproj", "{9D48627B-8CA4-4C3F-9F80-90F8ED18B57F}"
EndProject
Project("{2150E333-8FDC-42A3-9474-1A3956D46DE8}") = "Workers", "Workers", "{E57ABFA6-B7FC-4466-B9F0-611E685D9639}"
EndProject
Project("{9A19103F-16F7-4668-BE54-9A1E7A4F7556}") = "NET.Apis.DbMigration", "Workers\NET.Apis.DbMigration\NET.Apis.DbMigration.csproj", "{77913A73-8D23-4D74-9522-30934EF22ADF}"
EndProject
Project("{FAE04EC0-301F-11D3-BF4B-00C04F79EFBC}") = "NET.Openiddict", "NET.Openiddict\NET.Openiddict.csproj", "{4164058F-7042-4B26-9877-468CE8421BD7}"
EndProject
Global
	GlobalSection(SolutionConfigurationPlatforms) = preSolution
		Debug|Any CPU = Debug|Any CPU
		Release|Any CPU = Release|Any CPU
	EndGlobalSection
	GlobalSection(ProjectConfigurationPlatforms) = postSolution
		{315BA12C-693B-4166-AF22-F0F8591EC374}.Debug|Any CPU.ActiveCfg = Debug|Any CPU
		{315BA12C-693B-4166-AF22-F0F8591EC374}.Debug|Any CPU.Build.0 = Debug|Any CPU
		{315BA12C-693B-4166-AF22-F0F8591EC374}.Release|Any CPU.ActiveCfg = Release|Any CPU
		{315BA12C-693B-4166-AF22-F0F8591EC374}.Release|Any CPU.Build.0 = Release|Any CPU
		{496279EA-AC89-4552-89D1-FF28135CFACC}.Debug|Any CPU.ActiveCfg = Debug|Any CPU
		{496279EA-AC89-4552-89D1-FF28135CFACC}.Debug|Any CPU.Build.0 = Debug|Any CPU
		{496279EA-AC89-4552-89D1-FF28135CFACC}.Release|Any CPU.ActiveCfg = Release|Any CPU
		{496279EA-AC89-4552-89D1-FF28135CFACC}.Release|Any CPU.Build.0 = Release|Any CPU
		{FB037F20-7084-4CFD-A3D5-4A272B48EAE1}.Debug|Any CPU.ActiveCfg = Debug|Any CPU
		{FB037F20-7084-4CFD-A3D5-4A272B48EAE1}.Debug|Any CPU.Build.0 = Debug|Any CPU
		{FB037F20-7084-4CFD-A3D5-4A272B48EAE1}.Release|Any CPU.ActiveCfg = Release|Any CPU
		{FB037F20-7084-4CFD-A3D5-4A272B48EAE1}.Release|Any CPU.Build.0 = Release|Any CPU
		{A4BF89D0-63D5-4A6C-9AE9-7D61132518A3}.Debug|Any CPU.ActiveCfg = Debug|Any CPU
		{A4BF89D0-63D5-4A6C-9AE9-7D61132518A3}.Debug|Any CPU.Build.0 = Debug|Any CPU
		{A4BF89D0-63D5-4A6C-9AE9-7D61132518A3}.Release|Any CPU.ActiveCfg = Release|Any CPU
		{A4BF89D0-63D5-4A6C-9AE9-7D61132518A3}.Release|Any CPU.Build.0 = Release|Any CPU
		{7BEF0ECA-A8B7-41CE-80B2-0F09D67537D2}.Debug|Any CPU.ActiveCfg = Debug|Any CPU
		{7BEF0ECA-A8B7-41CE-80B2-0F09D67537D2}.Debug|Any CPU.Build.0 = Debug|Any CPU
		{7BEF0ECA-A8B7-41CE-80B2-0F09D67537D2}.Release|Any CPU.ActiveCfg = Release|Any CPU
		{7BEF0ECA-A8B7-41CE-80B2-0F09D67537D2}.Release|Any CPU.Build.0 = Release|Any CPU
		{0A76947C-A41D-4B75-BE15-1F46B44531E6}.Debug|Any CPU.ActiveCfg = Debug|Any CPU
		{0A76947C-A41D-4B75-BE15-1F46B44531E6}.Debug|Any CPU.Build.0 = Debug|Any CPU
		{0A76947C-A41D-4B75-BE15-1F46B44531E6}.Release|Any CPU.ActiveCfg = Release|Any CPU
		{0A76947C-A41D-4B75-BE15-1F46B44531E6}.Release|Any CPU.Build.0 = Release|Any CPU
		{9D48627B-8CA4-4C3F-9F80-90F8ED18B57F}.Debug|Any CPU.ActiveCfg = Debug|Any CPU
		{9D48627B-8CA4-4C3F-9F80-90F8ED18B57F}.Debug|Any CPU.Build.0 = Debug|Any CPU
		{9D48627B-8CA4-4C3F-9F80-90F8ED18B57F}.Release|Any CPU.ActiveCfg = Release|Any CPU
		{9D48627B-8CA4-4C3F-9F80-90F8ED18B57F}.Release|Any CPU.Build.0 = Release|Any CPU
		{77913A73-8D23-4D74-9522-30934EF22ADF}.Debug|Any CPU.ActiveCfg = Debug|Any CPU
		{77913A73-8D23-4D74-9522-30934EF22ADF}.Debug|Any CPU.Build.0 = Debug|Any CPU
		{77913A73-8D23-4D74-9522-30934EF22ADF}.Release|Any CPU.ActiveCfg = Release|Any CPU
		{77913A73-8D23-4D74-9522-30934EF22ADF}.Release|Any CPU.Build.0 = Release|Any CPU
		{4164058F-7042-4B26-9877-468CE8421BD7}.Debug|Any CPU.ActiveCfg = Debug|Any CPU
		{4164058F-7042-4B26-9877-468CE8421BD7}.Debug|Any CPU.Build.0 = Debug|Any CPU
		{4164058F-7042-4B26-9877-468CE8421BD7}.Release|Any CPU.ActiveCfg = Release|Any CPU
		{4164058F-7042-4B26-9877-468CE8421BD7}.Release|Any CPU.Build.0 = Release|Any CPU
	EndGlobalSection
	GlobalSection(SolutionProperties) = preSolution
		HideSolutionNode = FALSE
	EndGlobalSection
	GlobalSection(NestedProjects) = preSolution
		{315BA12C-693B-4166-AF22-F0F8591EC374} = {09AD3D4F-2205-4AE7-9211-56556C2D892F}
		{496279EA-AC89-4552-89D1-FF28135CFACC} = {09AD3D4F-2205-4AE7-9211-56556C2D892F}
		{FB037F20-7084-4CFD-A3D5-4A272B48EAE1} = {09AD3D4F-2205-4AE7-9211-56556C2D892F}
		{A4BF89D0-63D5-4A6C-9AE9-7D61132518A3} = {F2877AF0-CABB-4EE7-B9B5-DAF06D17A699}
		{7BEF0ECA-A8B7-41CE-80B2-0F09D67537D2} = {F2877AF0-CABB-4EE7-B9B5-DAF06D17A699}
		{0A76947C-A41D-4B75-BE15-1F46B44531E6} = {F2877AF0-CABB-4EE7-B9B5-DAF06D17A699}
		{9D48627B-8CA4-4C3F-9F80-90F8ED18B57F} = {72DA8A7C-4FDB-49E2-8012-101504D16F2D}
		{77913A73-8D23-4D74-9522-30934EF22ADF} = {E57ABFA6-B7FC-4466-B9F0-611E685D9639}
		{4164058F-7042-4B26-9877-468CE8421BD7} = {72DA8A7C-4FDB-49E2-8012-101504D16F2D}
	EndGlobalSection
	GlobalSection(ExtensibilityGlobals) = postSolution
		SolutionGuid = {378F82B6-B918-4FBF-B630-5738C8CB24EF}
	EndGlobalSection
EndGlobal
